{
  "name": "binance-bot-grid-strategy",
  "version": "1.0.0",
  "lockfileVersion": 1,
  "requires": true,
  "dependencies": {
    "ccxt": {
      "version": "1.84.23",
      "resolved": "https://registry.npmjs.org/ccxt/-/ccxt-1.84.23.tgz",
      "integrity": "sha512-3RK3CZXuk5ao3D6wg1BfbjB3nCMeMS6ZoI1ZnuvXqyI0xw1SpRsotArLsB3Tu7Sz8kXiYun/1j8lJYkSufaEEQ=="
    }
  }
}
